
Microsoft Visual Studio Solution File, Format Version 12.00
Project("{FAE04EC0-301F-11D3-BF4B-00C04F79EFBC}") = "TencentTranslate", "TencentTranslate\TencentTranslate.csproj", "{4BD5B79B-9699-4728-8095-97C83B43D5DE}"
EndProject
Project("{FAE04EC0-301F-11D3-BF4B-00C04F79EFBC}") = "TencentTranslateTest", "TencentTranslateTest\TencentTranslateTest.csproj", "{ECBE0AFC-DBB6-423D-ACE7-FFCA33C11659}"
EndProject
Global
	GlobalSection(SolutionConfigurationPlatforms) = preSolution
		Debug|Any CPU = Debug|Any CPU
		Release|Any CPU = Release|Any CPU
	EndGlobalSection
	GlobalSection(ProjectConfigurationPlatforms) = postSolution
		{4BD5B79B-9699-4728-8095-97C83B43D5DE}.Debug|Any CPU.ActiveCfg = Debug|Any CPU
		{4BD5B79B-9699-4728-8095-97C83B43D5DE}.Debug|Any CPU.Build.0 = Debug|Any CPU
		{4BD5B79B-9699-4728-8095-97C83B43D5DE}.Release|Any CPU.ActiveCfg = Release|Any CPU
		{4BD5B79B-9699-4728-8095-97C83B43D5DE}.Release|Any CPU.Build.0 = Release|Any CPU
		{ECBE0AFC-DBB6-423D-ACE7-FFCA33C11659}.Debug|Any CPU.ActiveCfg = Debug|Any CPU
		{ECBE0AFC-DBB6-423D-ACE7-FFCA33C11659}.Debug|Any CPU.Build.0 = Debug|Any CPU
		{ECBE0AFC-DBB6-423D-ACE7-FFCA33C11659}.Release|Any CPU.ActiveCfg = Release|Any CPU
		{ECBE0AFC-DBB6-423D-ACE7-FFCA33C11659}.Release|Any CPU.Build.0 = Release|Any CPU
	EndGlobalSection
EndGlobal
